
Microsoft Visual Studio Solution File, Format Version 12.00
# Visual Studio Version 16
VisualStudioVersion = 16.0.29102.190
MinimumVisualStudioVersion = 10.0.40219.1
Project("{FAE04EC0-301F-11D3-BF4B-00C04F79EFBC}") = "AutomationExample", "AutomationExample\AutomationExample.csproj", "{0431B7D7-2531-4A62-817A-34C1D5E1B976}"
EndProject
Global
	GlobalSection(SolutionConfigurationPlatforms) = preSolution
		Debug|Any CPU = Debug|Any CPU
		Release|Any CPU = Release|Any CPU
	EndGlobalSection
	GlobalSection(ProjectConfigurationPlatforms) = postSolution
		{0431B7D7-2531-4A62-817A-34C1D5E1B976}.Debug|Any CPU.ActiveCfg = Debug|Any CPU
		{0431B7D7-2531-4A62-817A-34C1D5E1B976}.Debug|Any CPU.Build.0 = Debug|Any CPU
		{0431B7D7-2531-4A62-817A-34C1D5E1B976}.Release|Any CPU.ActiveCfg = Release|Any CPU
		{0431B7D7-2531-4A62-817A-34C1D5E1B976}.Release|Any CPU.Build.0 = Release|Any CPU
	EndGlobalSection
	GlobalSection(SolutionProperties) = preSolution
		HideSolutionNode = FALSE
	EndGlobalSection
	GlobalSection(ExtensibilityGlobals) = postSolution
		SolutionGuid = {0DE2F91D-ECD2-48FB-98A1-70016CABA059}
	EndGlobalSection
EndGlobal
